// !$*UTF8*$!
{
	archiveVersion = 1;
	classes = {
	};
	objectVersion = 55;
	objects = {

/* Begin PBXBuildFile section */
		C11892B72886361600862349 /* SettingTableViewController.swift in Sources */ = {isa = PBXBuildFile; fileRef = C11892B62886361600862349 /* SettingTableViewController.swift */; };
		C11892B92886402D00862349 /* Search.storyboard in Resources */ = {isa = PBXBuildFile; fileRef = C11892B82886402D00862349 /* Search.storyboard */; };
		C11892BB2886403D00862349 /* Trend.storyboard in Resources */ = {isa = PBXBuildFile; fileRef = C11892BA2886403D00862349 /* Trend.storyboard */; };
		C11892BE2886408C00862349 /* Intro.storyboard in Resources */ = {isa = PBXBuildFile; fileRef = C11892BD2886408C00862349 /* Intro.storyboard */; };
		C12004D9288676F80039554B /* Shopping.storyboard in Resources */ = {isa = PBXBuildFile; fileRef = C12004D8288676F80039554B /* Shopping.storyboard */; };
		C12004DB288677560039554B /* ShoppingTableViewController.swift in Sources */ = {isa = PBXBuildFile; fileRef = C12004DA288677560039554B /* ShoppingTableViewController.swift */; };
		C12004DD2886778A0039554B /* ShoppingTableViewCell.swift in Sources */ = {isa = PBXBuildFile; fileRef = C12004DC2886778A0039554B /* ShoppingTableViewCell.swift */; };
		C166D2BC28854A150088DD11 /* Setting.storyboard in Resources */ = {isa = PBXBuildFile; fileRef = C166D2BB28854A150088DD11 /* Setting.storyboard */; };
		C19EA7B7288643FD007B4E03 /* TrendViewController.swift in Sources */ = {isa = PBXBuildFile; fileRef = C19EA7B6288643FD007B4E03 /* TrendViewController.swift */; };
		C19EA7B928864410007B4E03 /* SearchViewController.swift in Sources */ = {isa = PBXBuildFile; fileRef = C19EA7B828864410007B4E03 /* SearchViewController.swift */; };
		C1D8ABBB2884DDBF00787330 /* AppDelegate.swift in Sources */ = {isa = PBXBuildFile; fileRef = C1D8ABBA2884DDBF00787330 /* AppDelegate.swift */; };
		C1D8ABBD2884DDBF00787330 /* SceneDelegate.swift in Sources */ = {isa = PBXBuildFile; fileRef = C1D8ABBC2884DDBF00787330 /* SceneDelegate.swift */; };
		C1D8ABBF2884DDBF00787330 /* ViewController.swift in Sources */ = {isa = PBXBuildFile; fileRef = C1D8ABBE2884DDBF00787330 /* ViewController.swift */; };
		C1D8ABC22884DDBF00787330 /* Main.storyboard in Resources */ = {isa = PBXBuildFile; fileRef = C1D8ABC02884DDBF00787330 /* Main.storyboard */; };
		C1D8ABC42884DDC000787330 /* Assets.xcassets in Resources */ = {isa = PBXBuildFile; fileRef = C1D8ABC32884DDC000787330 /* Assets.xcassets */; };
		C1D8ABC72884DDC000787330 /* LaunchScreen.storyboard in Resources */ = {isa = PBXBuildFile; fileRef = C1D8ABC52884DDC000787330 /* LaunchScreen.storyboard */; };
		C1D8ABCF2884F10800787330 /* Home.storyboard in Resources */ = {isa = PBXBuildFile; fileRef = C1D8ABCE2884F10800787330 /* Home.storyboard */; };
		C1D8ABD12884FE3D00787330 /* HomeTableViewController.swift in Sources */ = {isa = PBXBuildFile; fileRef = C1D8ABD02884FE3D00787330 /* HomeTableViewController.swift */; };
		C1F13E0D2886453400C26DFC /* UIViewController+Extension.swift in Sources */ = {isa = PBXBuildFile; fileRef = C1F13E0C2886453400C26DFC /* UIViewController+Extension.swift */; };
		C1F13E0F2886479100C26DFC /* UITextField+Extension.swift in Sources */ = {isa = PBXBuildFile; fileRef = C1F13E0E2886479100C26DFC /* UITextField+Extension.swift */; };
		C1F13E1128864B9D00C26DFC /* BucketlistTableViewController.swift in Sources */ = {isa = PBXBuildFile; fileRef = C1F13E1028864B9D00C26DFC /* BucketlistTableViewController.swift */; };
		C1F13E1328864D9C00C26DFC /* BucketlistTableViewCell.swift in Sources */ = {isa = PBXBuildFile; fileRef = C1F13E1228864D9C00C26DFC /* BucketlistTableViewCell.swift */; };
/* End PBXBuildFile section */

/* Begin PBXFileReference section */
		C11892B62886361600862349 /* SettingTableViewController.swift */ = {isa = PBXFileReference; lastKnownFileType = sourcecode.swift; path = SettingTableViewController.swift; sourceTree = "<group>"; };
		C11892B82886402D00862349 /* Search.storyboard */ = {isa = PBXFileReference; lastKnownFileType = file.storyboard; path = Search.storyboard; sourceTree = "<group>"; };
		C11892BA2886403D00862349 /* Trend.storyboard */ = {isa = PBXFileReference; lastKnownFileType = file.storyboard; path = Trend.storyboard; sourceTree = "<group>"; };
		C11892BD2886408C00862349 /* Intro.storyboard */ = {isa = PBXFileReference; lastKnownFileType = file.storyboard; path = Intro.storyboard; sourceTree = "<group>"; };
		C12004D8288676F80039554B /* Shopping.storyboard */ = {isa = PBXFileReference; lastKnownFileType = file.storyboard; path = Shopping.storyboard; sourceTree = "<group>"; };
		C12004DA288677560039554B /* ShoppingTableViewController.swift */ = {isa = PBXFileReference; lastKnownFileType = sourcecode.swift; path = ShoppingTableViewController.swift; sourceTree = "<group>"; };
		C12004DC2886778A0039554B /* ShoppingTableViewCell.swift */ = {isa = PBXFileReference; lastKnownFileType = sourcecode.swift; path = ShoppingTableViewCell.swift; sourceTree = "<group>"; };
		C166D2BB28854A150088DD11 /* Setting.storyboard */ = {isa = PBXFileReference; lastKnownFileType = file.storyboard; path = Setting.storyboard; sourceTree = "<group>"; };
		C19EA7B6288643FD007B4E03 /* TrendViewController.swift */ = {isa = PBXFileReference; lastKnownFileType = sourcecode.swift; path = TrendViewController.swift; sourceTree = "<group>"; };
		C19EA7B828864410007B4E03 /* SearchViewController.swift */ = {isa = PBXFileReference; lastKnownFileType = sourcecode.swift; path = SearchViewController.swift; sourceTree = "<group>"; };
		C1D8ABB72884DDBF00787330 /* TrendMedia.app */ = {isa = PBXFileReference; explicitFileType = wrapper.application; includeInIndex = 0; path = TrendMedia.app; sourceTree = BUILT_PRODUCTS_DIR; };
		C1D8ABBA2884DDBF00787330 /* AppDelegate.swift */ = {isa = PBXFileReference; lastKnownFileType = sourcecode.swift; path = AppDelegate.swift; sourceTree = "<group>"; };
		C1D8ABBC2884DDBF00787330 /* SceneDelegate.swift */ = {isa = PBXFileReference; lastKnownFileType = sourcecode.swift; path = SceneDelegate.swift; sourceTree = "<group>"; };
		C1D8ABBE2884DDBF00787330 /* ViewController.swift */ = {isa = PBXFileReference; lastKnownFileType = sourcecode.swift; path = ViewController.swift; sourceTree = "<group>"; };
		C1D8ABC12884DDBF00787330 /* Base */ = {isa = PBXFileReference; lastKnownFileType = file.storyboard; name = Base; path = Base.lproj/Main.storyboard; sourceTree = "<group>"; };
		C1D8ABC32884DDC000787330 /* Assets.xcassets */ = {isa = PBXFileReference; lastKnownFileType = folder.assetcatalog; path = Assets.xcassets; sourceTree = "<group>"; };
		C1D8ABC62884DDC000787330 /* Base */ = {isa = PBXFileReference; lastKnownFileType = file.storyboard; name = Base; path = Base.lproj/LaunchScreen.storyboard; sourceTree = "<group>"; };
		C1D8ABC82884DDC000787330 /* Info.plist */ = {isa = PBXFileReference; lastKnownFileType = text.plist.xml; path = Info.plist; sourceTree = "<group>"; };
		C1D8ABCE2884F10800787330 /* Home.storyboard */ = {isa = PBXFileReference; lastKnownFileType = file.storyboard; path = Home.storyboard; sourceTree = "<group>"; };
		C1D8ABD02884FE3D00787330 /* HomeTableViewController.swift */ = {isa = PBXFileReference; lastKnownFileType = sourcecode.swift; path = HomeTableViewController.swift; sourceTree = "<group>"; };
		C1F13E0C2886453400C26DFC /* UIViewController+Extension.swift */ = {isa = PBXFileReference; lastKnownFileType = sourcecode.swift; path = "UIViewController+Extension.swift"; sourceTree = "<group>"; };
		C1F13E0E2886479100C26DFC /* UITextField+Extension.swift */ = {isa = PBXFileReference; lastKnownFileType = sourcecode.swift; path = "UITextField+Extension.swift"; sourceTree = "<group>"; };
		C1F13E1028864B9D00C26DFC /* BucketlistTableViewController.swift */ = {isa = PBXFileReference; lastKnownFileType = sourcecode.swift; path = BucketlistTableViewController.swift; sourceTree = "<group>"; };
		C1F13E1228864D9C00C26DFC /* BucketlistTableViewCell.swift */ = {isa = PBXFileReference; lastKnownFileType = sourcecode.swift; path = BucketlistTableViewCell.swift; sourceTree = "<group>"; };
/* End PBXFileReference section */

/* Begin PBXFrameworksBuildPhase section */
		C1D8ABB42884DDBF00787330 /* Frameworks */ = {
			isa = PBXFrameworksBuildPhase;
			buildActionMask = 2147483647;
			files = (
			);
			runOnlyForDeploymentPostprocessing = 0;
		};
/* End PBXFrameworksBuildPhase section */

/* Begin PBXGroup section */
		C11892BC2886404D00862349 /* Media */ = {
			isa = PBXGroup;
			children = (
				C166D2BB28854A150088DD11 /* Setting.storyboard */,
				C11892B62886361600862349 /* SettingTableViewController.swift */,
				C11892B82886402D00862349 /* Search.storyboard */,
				C19EA7B828864410007B4E03 /* SearchViewController.swift */,
				C1F13E0C2886453400C26DFC /* UIViewController+Extension.swift */,
				C1F13E0E2886479100C26DFC /* UITextField+Extension.swift */,
				C11892BA2886403D00862349 /* Trend.storyboard */,
				C1F13E1228864D9C00C26DFC /* BucketlistTableViewCell.swift */,
				C1F13E1028864B9D00C26DFC /* BucketlistTableViewController.swift */,
				C19EA7B6288643FD007B4E03 /* TrendViewController.swift */,
				C11892BD2886408C00862349 /* Intro.storyboard */,
			);
			path = Media;
			sourceTree = "<group>";
		};
		C12004D7288676DD0039554B /* Shopping */ = {
			isa = PBXGroup;
			children = (
				C12004D8288676F80039554B /* Shopping.storyboard */,
				C12004DC2886778A0039554B /* ShoppingTableViewCell.swift */,
				C12004DA288677560039554B /* ShoppingTableViewController.swift */,
			);
			path = Shopping;
			sourceTree = "<group>";
		};
		C1D8ABAE2884DDBF00787330 = {
			isa = PBXGroup;
			children = (
				C1D8ABB92884DDBF00787330 /* TrendMedia */,
				C1D8ABB82884DDBF00787330 /* Products */,
			);
			sourceTree = "<group>";
		};
		C1D8ABB82884DDBF00787330 /* Products */ = {
			isa = PBXGroup;
			children = (
				C1D8ABB72884DDBF00787330 /* TrendMedia.app */,
			);
			name = Products;
			sourceTree = "<group>";
		};
		C1D8ABB92884DDBF00787330 /* TrendMedia */ = {
			isa = PBXGroup;
			children = (
				C12004D7288676DD0039554B /* Shopping */,
				C11892BC2886404D00862349 /* Media */,
				C1D8ABBA2884DDBF00787330 /* AppDelegate.swift */,
				C1D8ABBC2884DDBF00787330 /* SceneDelegate.swift */,
				C1D8ABC02884DDBF00787330 /* Main.storyboard */,
				C1D8ABBE2884DDBF00787330 /* ViewController.swift */,
				C1D8ABCE2884F10800787330 /* Home.storyboard */,
				C1D8ABD02884FE3D00787330 /* HomeTableViewController.swift */,
				C1D8ABC32884DDC000787330 /* Assets.xcassets */,
				C1D8ABC52884DDC000787330 /* LaunchScreen.storyboard */,
				C1D8ABC82884DDC000787330 /* Info.plist */,
			);
			path = TrendMedia;
			sourceTree = "<group>";
		};
/* End PBXGroup section */

/* Begin PBXNativeTarget section */
		C1D8ABB62884DDBF00787330 /* TrendMedia */ = {
			isa = PBXNativeTarget;
			buildConfigurationList = C1D8ABCB2884DDC000787330 /* Build configuration list for PBXNativeTarget "TrendMedia" */;
			buildPhases = (
				C1D8ABB32884DDBF00787330 /* Sources */,
				C1D8ABB42884DDBF00787330 /* Frameworks */,
				C1D8ABB52884DDBF00787330 /* Resources */,
			);
			buildRules = (
			);
			dependencies = (
			);
			name = TrendMedia;
			productName = TrendMedia;
			productReference = C1D8ABB72884DDBF00787330 /* TrendMedia.app */;
			productType = "com.apple.product-type.application";
		};
/* End PBXNativeTarget section */

/* Begin PBXProject section */
		C1D8ABAF2884DDBF00787330 /* Project object */ = {
			isa = PBXProject;
			attributes = {
				BuildIndependentTargetsInParallel = 1;
				LastSwiftUpdateCheck = 1340;
				LastUpgradeCheck = 1340;
				TargetAttributes = {
					C1D8ABB62884DDBF00787330 = {
						CreatedOnToolsVersion = 13.4.1;
					};
				};
			};
			buildConfigurationList = C1D8ABB22884DDBF00787330 /* Build configuration list for PBXProject "TrendMedia" */;
			compatibilityVersion = "Xcode 13.0";
			developmentRegion = en;
			hasScannedForEncodings = 0;
			knownRegions = (
				en,
				Base,
			);
			mainGroup = C1D8ABAE2884DDBF00787330;
			productRefGroup = C1D8ABB82884DDBF00787330 /* Products */;
			projectDirPath = "";
			projectRoot = "";
			targets = (
				C1D8ABB62884DDBF00787330 /* TrendMedia */,
			);
		};
/* End PBXProject section */

/* Begin PBXResourcesBuildPhase section */
		C1D8ABB52884DDBF00787330 /* Resources */ = {
			isa = PBXResourcesBuildPhase;
			buildActionMask = 2147483647;
			files = (
				C11892BB2886403D00862349 /* Trend.storyboard in Resources */,
				C1D8ABC72884DDC000787330 /* LaunchScreen.storyboard in Resources */,
				C1D8ABC42884DDC000787330 /* Assets.xcassets in Resources */,
				C11892BE2886408C00862349 /* Intro.storyboard in Resources */,
				C166D2BC28854A150088DD11 /* Setting.storyboard in Resources */,
				C1D8ABC22884DDBF00787330 /* Main.storyboard in Resources */,
				C12004D9288676F80039554B /* Shopping.storyboard in Resources */,
				C11892B92886402D00862349 /* Search.storyboard in Resources */,
				C1D8ABCF2884F10800787330 /* Home.storyboard in Resources */,
			);
			runOnlyForDeploymentPostprocessing = 0;
		};
/* End PBXResourcesBuildPhase section */

/* Begin PBXSourcesBuildPhase section */
		C1D8ABB32884DDBF00787330 /* Sources */ = {
			isa = PBXSourcesBuildPhase;
			buildActionMask = 2147483647;
			files = (
				C1F13E0F2886479100C26DFC /* UITextField+Extension.swift in Sources */,
				C12004DD2886778A0039554B /* ShoppingTableViewCell.swift in Sources */,
				C12004DB288677560039554B /* ShoppingTableViewController.swift in Sources */,
				C1F13E1328864D9C00C26DFC /* BucketlistTableViewCell.swift in Sources */,
				C1F13E1128864B9D00C26DFC /* BucketlistTableViewController.swift in Sources */,
				C1F13E0D2886453400C26DFC /* UIViewController+Extension.swift in Sources */,
				C11892B72886361600862349 /* SettingTableViewController.swift in Sources */,
				C19EA7B928864410007B4E03 /* SearchViewController.swift in Sources */,
				C1D8ABD12884FE3D00787330 /* HomeTableViewController.swift in Sources */,
				C1D8ABBF2884DDBF00787330 /* ViewController.swift in Sources */,
				C1D8ABBB2884DDBF00787330 /* AppDelegate.swift in Sources */,
				C19EA7B7288643FD007B4E03 /* TrendViewController.swift in Sources */,
				C1D8ABBD2884DDBF00787330 /* SceneDelegate.swift in Sources */,
			);
			runOnlyForDeploymentPostprocessing = 0;
		};
/* End PBXSourcesBuildPhase section */

/* Begin PBXVariantGroup section */
		C1D8ABC02884DDBF00787330 /* Main.storyboard */ = {
			isa = PBXVariantGroup;
			children = (
				C1D8ABC12884DDBF00787330 /* Base */,
			);
			name = Main.storyboard;
			sourceTree = "<group>";
		};
		C1D8ABC52884DDC000787330 /* LaunchScreen.storyboard */ = {
			isa = PBXVariantGroup;
			children = (
				C1D8ABC62884DDC000787330 /* Base */,
			);
			name = LaunchScreen.storyboard;
			sourceTree = "<group>";
		};
/* End PBXVariantGroup section */

/* Begin XCBuildConfiguration section */
		C1D8ABC92884DDC000787330 /* Debug */ = {
			isa = XCBuildConfiguration;
			buildSettings = {
				ALWAYS_SEARCH_USER_PATHS = NO;
				CLANG_ANALYZER_NONNULL = YES;
				CLANG_ANALYZER_NUMBER_OBJECT_CONVERSION = YES_AGGRESSIVE;
				CLANG_CXX_LANGUAGE_STANDARD = "gnu++17";
				CLANG_ENABLE_MODULES = YES;
				CLANG_ENABLE_OBJC_ARC = YES;
				CLANG_ENABLE_OBJC_WEAK = YES;
				CLANG_WARN_BLOCK_CAPTURE_AUTORELEASING = YES;
				CLANG_WARN_BOOL_CONVERSION = YES;
				CLANG_WARN_COMMA = YES;
				CLANG_WARN_CONSTANT_CONVERSION = YES;
				CLANG_WARN_DEPRECATED_OBJC_IMPLEMENTATIONS = YES;
				CLANG_WARN_DIRECT_OBJC_ISA_USAGE = YES_ERROR;
				CLANG_WARN_DOCUMENTATION_COMMENTS = YES;
				CLANG_WARN_EMPTY_BODY = YES;
				CLANG_WARN_ENUM_CONVERSION = YES;
				CLANG_WARN_INFINITE_RECURSION = YES;
				CLANG_WARN_INT_CONVERSION = YES;
				CLANG_WARN_NON_LITERAL_NULL_CONVERSION = YES;
				CLANG_WARN_OBJC_IMPLICIT_RETAIN_SELF = YES;
				CLANG_WARN_OBJC_LITERAL_CONVERSION = YES;
				CLANG_WARN_OBJC_ROOT_CLASS = YES_ERROR;
				CLANG_WARN_QUOTED_INCLUDE_IN_FRAMEWORK_HEADER = YES;
				CLANG_WARN_RANGE_LOOP_ANALYSIS = YES;
				CLANG_WARN_STRICT_PROTOTYPES = YES;
				CLANG_WARN_SUSPICIOUS_MOVE = YES;
				CLANG_WARN_UNGUARDED_AVAILABILITY = YES_AGGRESSIVE;
				CLANG_WARN_UNREACHABLE_CODE = YES;
				CLANG_WARN__DUPLICATE_METHOD_MATCH = YES;
				COPY_PHASE_STRIP = NO;
				DEBUG_INFORMATION_FORMAT = dwarf;
				ENABLE_STRICT_OBJC_MSGSEND = YES;
				ENABLE_TESTABILITY = YES;
				GCC_C_LANGUAGE_STANDARD = gnu11;
				GCC_DYNAMIC_NO_PIC = NO;
				GCC_NO_COMMON_BLOCKS = YES;
				GCC_OPTIMIZATION_LEVEL = 0;
				GCC_PREPROCESSOR_DEFINITIONS = (
					"DEBUG=1",
					"$(inherited)",
				);
				GCC_WARN_64_TO_32_BIT_CONVERSION = YES;
				GCC_WARN_ABOUT_RETURN_TYPE = YES_ERROR;
				GCC_WARN_UNDECLARED_SELECTOR = YES;
				GCC_WARN_UNINITIALIZED_AUTOS = YES_AGGRESSIVE;
				GCC_WARN_UNUSED_FUNCTION = YES;
				GCC_WARN_UNUSED_VARIABLE = YES;
				IPHONEOS_DEPLOYMENT_TARGET = 15.5;
				MTL_ENABLE_DEBUG_INFO = INCLUDE_SOURCE;
				MTL_FAST_MATH = YES;
				ONLY_ACTIVE_ARCH = YES;
				SDKROOT = iphoneos;
				SWIFT_ACTIVE_COMPILATION_CONDITIONS = DEBUG;
				SWIFT_OPTIMIZATION_LEVEL = "-Onone";
			};
			name = Debug;
		};
		C1D8ABCA2884DDC000787330 /* Release */ = {
			isa = XCBuildConfiguration;
			buildSettings = {
				ALWAYS_SEARCH_USER_PATHS = NO;
				CLANG_ANALYZER_NONNULL = YES;
				CLANG_ANALYZER_NUMBER_OBJECT_CONVERSION = YES_AGGRESSIVE;
				CLANG_CXX_LANGUAGE_STANDARD = "gnu++17";
				CLANG_ENABLE_MODULES = YES;
				CLANG_ENABLE_OBJC_ARC = YES;
				CLANG_ENABLE_OBJC_WEAK = YES;
				CLANG_WARN_BLOCK_CAPTURE_AUTORELEASING = YES;
				CLANG_WARN_BOOL_CONVERSION = YES;
				CLANG_WARN_COMMA = YES;
				CLANG_WARN_CONSTANT_CONVERSION = YES;
				CLANG_WARN_DEPRECATED_OBJC_IMPLEMENTATIONS = YES;
				CLANG_WARN_DIRECT_OBJC_ISA_USAGE = YES_ERROR;
				CLANG_WARN_DOCUMENTATION_COMMENTS = YES;
				CLANG_WARN_EMPTY_BODY = YES;
				CLANG_WARN_ENUM_CONVERSION = YES;
				CLANG_WARN_INFINITE_RECURSION = YES;
				CLANG_WARN_INT_CONVERSION = YES;
				CLANG_WARN_NON_LITERAL_NULL_CONVERSION = YES;
				CLANG_WARN_OBJC_IMPLICIT_RETAIN_SELF = YES;
				CLANG_WARN_OBJC_LITERAL_CONVERSION = YES;
				CLANG_WARN_OBJC_ROOT_CLASS = YES_ERROR;
				CLANG_WARN_QUOTED_INCLUDE_IN_FRAMEWORK_HEADER = YES;
				CLANG_WARN_RANGE_LOOP_ANALYSIS = YES;
				CLANG_WARN_STRICT_PROTOTYPES = YES;
				CLANG_WARN_SUSPICIOUS_MOVE = YES;
				CLANG_WARN_UNGUARDED_AVAILABILITY = YES_AGGRESSIVE;
				CLANG_WARN_UNREACHABLE_CODE = YES;
				CLANG_WARN__DUPLICATE_METHOD_MATCH = YES;
				COPY_PHASE_STRIP = NO;
				DEBUG_INFORMATION_FORMAT = "dwarf-with-dsym";
				ENABLE_NS_ASSERTIONS = NO;
				ENABLE_STRICT_OBJC_MSGSEND = YES;
				GCC_C_LANGUAGE_STANDARD = gnu11;
				GCC_NO_COMMON_BLOCKS = YES;
				GCC_WARN_64_TO_32_BIT_CONVERSION = YES;
				GCC_WARN_ABOUT_RETURN_TYPE = YES_ERROR;
				GCC_WARN_UNDECLARED_SELECTOR = YES;
				GCC_WARN_UNINITIALIZED_AUTOS = YES_AGGRESSIVE;
				GCC_WARN_UNUSED_FUNCTION = YES;
				GCC_WARN_UNUSED_VARIABLE = YES;
				IPHONEOS_DEPLOYMENT_TARGET = 15.5;
				MTL_ENABLE_DEBUG_INFO = NO;
				MTL_FAST_MATH = YES;
				SDKROOT = iphoneos;
				SWIFT_COMPILATION_MODE = wholemodule;
				SWIFT_OPTIMIZATION_LEVEL = "-O";
				VALIDATE_PRODUCT = YES;
			};
			name = Release;
		};
		C1D8ABCC2884DDC000787330 /* Debug */ = {
			isa = XCBuildConfiguration;
			buildSettings = {
				ASSETCATALOG_COMPILER_APPICON_NAME = AppIcon;
				ASSETCATALOG_COMPILER_GLOBAL_ACCENT_COLOR_NAME = AccentColor;
				CODE_SIGN_STYLE = Automatic;
				CURRENT_PROJECT_VERSION = 1;
				GENERATE_INFOPLIST_FILE = YES;
				INFOPLIST_FILE = TrendMedia/Info.plist;
				INFOPLIST_KEY_UIApplicationSupportsIndirectInputEvents = YES;
				INFOPLIST_KEY_UILaunchStoryboardName = LaunchScreen;
				INFOPLIST_KEY_UIMainStoryboardFile = Intro;
				INFOPLIST_KEY_UISupportedInterfaceOrientations_iPad = "UIInterfaceOrientationPortrait UIInterfaceOrientationPortraitUpsideDown UIInterfaceOrientationLandscapeLeft UIInterfaceOrientationLandscapeRight";
				INFOPLIST_KEY_UISupportedInterfaceOrientations_iPhone = "UIInterfaceOrientationPortrait UIInterfaceOrientationLandscapeLeft UIInterfaceOrientationLandscapeRight";
				LD_RUNPATH_SEARCH_PATHS = (
					"$(inherited)",
					"@executable_path/Frameworks",
				);
				MARKETING_VERSION = 1.0;
				PRODUCT_BUNDLE_IDENTIFIER = com.skylerLee.TrendMedia;
				PRODUCT_NAME = "$(TARGET_NAME)";
				SWIFT_EMIT_LOC_STRINGS = YES;
				SWIFT_VERSION = 5.0;
				TARGETED_DEVICE_FAMILY = "1,2";
			};
			name = Debug;
		};
		C1D8ABCD2884DDC000787330 /* Release */ = {
			isa = XCBuildConfiguration;
			buildSettings = {
				ASSETCATALOG_COMPILER_APPICON_NAME = AppIcon;
				ASSETCATALOG_COMPILER_GLOBAL_ACCENT_COLOR_NAME = AccentColor;
				CODE_SIGN_STYLE = Automatic;
				CURRENT_PROJECT_VERSION = 1;
				GENERATE_INFOPLIST_FILE = YES;
				INFOPLIST_FILE = TrendMedia/Info.plist;
				INFOPLIST_KEY_UIApplicationSupportsIndirectInputEvents = YES;
				INFOPLIST_KEY_UILaunchStoryboardName = LaunchScreen;
				INFOPLIST_KEY_UIMainStoryboardFile = Intro;
				INFOPLIST_KEY_UISupportedInterfaceOrientations_iPad = "UIInterfaceOrientationPortrait UIInterfaceOrientationPortraitUpsideDown UIInterfaceOrientationLandscapeLeft UIInterfaceOrientationLandscapeRight";
				INFOPLIST_KEY_UISupportedInterfaceOrientations_iPhone = "UIInterfaceOrientationPortrait UIInterfaceOrientationLandscapeLeft UIInterfaceOrientationLandscapeRight";
				LD_RUNPATH_SEARCH_PATHS = (
					"$(inherited)",
					"@executable_path/Frameworks",
				);
				MARKETING_VERSION = 1.0;
				PRODUCT_BUNDLE_IDENTIFIER = com.skylerLee.TrendMedia;
				PRODUCT_NAME = "$(TARGET_NAME)";
				SWIFT_EMIT_LOC_STRINGS = YES;
				SWIFT_VERSION = 5.0;
				TARGETED_DEVICE_FAMILY = "1,2";
			};
			name = Release;
		};
/* End XCBuildConfiguration section */

/* Begin XCConfigurationList section */
		C1D8ABB22884DDBF00787330 /* Build configuration list for PBXProject "TrendMedia" */ = {
			isa = XCConfigurationList;
			buildConfigurations = (
				C1D8ABC92884DDC000787330 /* Debug */,
				C1D8ABCA2884DDC000787330 /* Release */,
			);
			defaultConfigurationIsVisible = 0;
			defaultConfigurationName = Release;
		};
		C1D8ABCB2884DDC000787330 /* Build configuration list for PBXNativeTarget "TrendMedia" */ = {
			isa = XCConfigurationList;
			buildConfigurations = (
				C1D8ABCC2884DDC000787330 /* Debug */,
				C1D8ABCD2884DDC000787330 /* Release */,
			);
			defaultConfigurationIsVisible = 0;
			defaultConfigurationName = Release;
		};
/* End XCConfigurationList section */
	};
	rootObject = C1D8ABAF2884DDBF00787330 /* Project object */;
}
